
Microsoft Visual Studio Solution File, Format Version 12.00
# Visual Studio Version 17
VisualStudioVersion = 17.8.34322.80
MinimumVisualStudioVersion = 10.0.40219.1
Project("{9A19103F-16F7-4668-BE54-9A1E7A4F7556}") = "Zcy.MES", "Zcy.MES.csproj", "{76E4F8C9-9F48-46BC-AFD6-53114C49C642}"
EndProject
Project("{2150E333-8FDC-42A3-9474-1A3956D46DE8}") = "0.Interface", "0.Interface", "{B87A59E1-DE6B-421B-97EC-97CF2E9F72D8}"
EndProject
Project("{2150E333-8FDC-42A3-9474-1A3956D46DE8}") = "2.DB", "2.DB", "{91F87263-1C4B-49B4-AE35-F1A192E620B1}"
EndProject
Project("{2150E333-8FDC-42A3-9474-1A3956D46DE8}") = "3.Service", "3.Service", "{9122BA22-A4FE-499A-900F-8F339A31337C}"
EndProject
Project("{9A19103F-16F7-4668-BE54-9A1E7A4F7556}") = "Zcy.Entity", "..\Zcy.Entity\Zcy.Entity.csproj", "{18D405B2-0C66-424D-83B1-794369F20294}"
EndProject
Project("{9A19103F-16F7-4668-BE54-9A1E7A4F7556}") = "Zcy.IRepository", "..\Zcy.IRepository\Zcy.IRepository.csproj", "{F1A99F47-7BA3-41BC-AE6A-8C6FE6DF52C9}"
EndProject
Project("{9A19103F-16F7-4668-BE54-9A1E7A4F7556}") = "Zcy.MongoDB", "..\Zcy.MongoDB\Zcy.MongoDB.csproj", "{77A1121E-B69D-439E-9E78-516A2C473E8D}"
EndProject
Project("{9A19103F-16F7-4668-BE54-9A1E7A4F7556}") = "Zcy.BaseInterface", "..\Zcy.BaseInterface\Zcy.BaseInterface.csproj", "{EB0A9A0F-E12B-475E-B433-A5A3642B66D4}"
EndProject
Project("{9A19103F-16F7-4668-BE54-9A1E7A4F7556}") = "Zcy.IService", "..\Zcy.IService\Zcy.IService.csproj", "{AC147F53-6A9B-4F76-9312-5FEAD2D9A6E5}"
EndProject
Project("{9A19103F-16F7-4668-BE54-9A1E7A4F7556}") = "Zcy.Utility", "..\Zcy.Utility\Zcy.Utility.csproj", "{C7158225-0C26-43C8-B9B1-71A01F101C2C}"
EndProject
Project("{9A19103F-16F7-4668-BE54-9A1E7A4F7556}") = "Zcy.Service", "..\Zcy.Service\Zcy.Service.csproj", "{DB8B4082-1CB1-4AF2-8673-94815D3FE389}"
EndProject
Project("{9A19103F-16F7-4668-BE54-9A1E7A4F7556}") = "Zcy.Dto", "..\Zcy.Dto\Zcy.Dto.csproj", "{31DA1916-D2D6-4A28-8CCF-EBEB4DB75773}"
EndProject
Project("{FAE04EC0-301F-11D3-BF4B-00C04F79EFBC}") = "Zcy.ExcelNpoi", "..\Zcy.ExcelNopi\Zcy.ExcelNpoi.csproj", "{351DD4A3-3C2F-47CB-9603-0656C766AFC5}"
EndProject
Global
	GlobalSection(SolutionConfigurationPlatforms) = preSolution
		Debug|Any CPU = Debug|Any CPU
		Release|Any CPU = Release|Any CPU
	EndGlobalSection
	GlobalSection(ProjectConfigurationPlatforms) = postSolution
		{76E4F8C9-9F48-46BC-AFD6-53114C49C642}.Debug|Any CPU.ActiveCfg = Debug|Any CPU
		{76E4F8C9-9F48-46BC-AFD6-53114C49C642}.Debug|Any CPU.Build.0 = Debug|Any CPU
		{76E4F8C9-9F48-46BC-AFD6-53114C49C642}.Release|Any CPU.ActiveCfg = Release|Any CPU
		{76E4F8C9-9F48-46BC-AFD6-53114C49C642}.Release|Any CPU.Build.0 = Release|Any CPU
		{18D405B2-0C66-424D-83B1-794369F20294}.Debug|Any CPU.ActiveCfg = Debug|Any CPU
		{18D405B2-0C66-424D-83B1-794369F20294}.Debug|Any CPU.Build.0 = Debug|Any CPU
		{18D405B2-0C66-424D-83B1-794369F20294}.Release|Any CPU.ActiveCfg = Release|Any CPU
		{18D405B2-0C66-424D-83B1-794369F20294}.Release|Any CPU.Build.0 = Release|Any CPU
		{F1A99F47-7BA3-41BC-AE6A-8C6FE6DF52C9}.Debug|Any CPU.ActiveCfg = Debug|Any CPU
		{F1A99F47-7BA3-41BC-AE6A-8C6FE6DF52C9}.Debug|Any CPU.Build.0 = Debug|Any CPU
		{F1A99F47-7BA3-41BC-AE6A-8C6FE6DF52C9}.Release|Any CPU.ActiveCfg = Release|Any CPU
		{F1A99F47-7BA3-41BC-AE6A-8C6FE6DF52C9}.Release|Any CPU.Build.0 = Release|Any CPU
		{77A1121E-B69D-439E-9E78-516A2C473E8D}.Debug|Any CPU.ActiveCfg = Debug|Any CPU
		{77A1121E-B69D-439E-9E78-516A2C473E8D}.Debug|Any CPU.Build.0 = Debug|Any CPU
		{77A1121E-B69D-439E-9E78-516A2C473E8D}.Release|Any CPU.ActiveCfg = Release|Any CPU
		{77A1121E-B69D-439E-9E78-516A2C473E8D}.Release|Any CPU.Build.0 = Release|Any CPU
		{EB0A9A0F-E12B-475E-B433-A5A3642B66D4}.Debug|Any CPU.ActiveCfg = Debug|Any CPU
		{EB0A9A0F-E12B-475E-B433-A5A3642B66D4}.Debug|Any CPU.Build.0 = Debug|Any CPU
		{EB0A9A0F-E12B-475E-B433-A5A3642B66D4}.Release|Any CPU.ActiveCfg = Release|Any CPU
		{EB0A9A0F-E12B-475E-B433-A5A3642B66D4}.Release|Any CPU.Build.0 = Release|Any CPU
		{AC147F53-6A9B-4F76-9312-5FEAD2D9A6E5}.Debug|Any CPU.ActiveCfg = Debug|Any CPU
		{AC147F53-6A9B-4F76-9312-5FEAD2D9A6E5}.Debug|Any CPU.Build.0 = Debug|Any CPU
		{AC147F53-6A9B-4F76-9312-5FEAD2D9A6E5}.Release|Any CPU.ActiveCfg = Release|Any CPU
		{AC147F53-6A9B-4F76-9312-5FEAD2D9A6E5}.Release|Any CPU.Build.0 = Release|Any CPU
		{C7158225-0C26-43C8-B9B1-71A01F101C2C}.Debug|Any CPU.ActiveCfg = Debug|Any CPU
		{C7158225-0C26-43C8-B9B1-71A01F101C2C}.Debug|Any CPU.Build.0 = Debug|Any CPU
		{C7158225-0C26-43C8-B9B1-71A01F101C2C}.Release|Any CPU.ActiveCfg = Release|Any CPU
		{C7158225-0C26-43C8-B9B1-71A01F101C2C}.Release|Any CPU.Build.0 = Release|Any CPU
		{DB8B4082-1CB1-4AF2-8673-94815D3FE389}.Debug|Any CPU.ActiveCfg = Debug|Any CPU
		{DB8B4082-1CB1-4AF2-8673-94815D3FE389}.Debug|Any CPU.Build.0 = Debug|Any CPU
		{DB8B4082-1CB1-4AF2-8673-94815D3FE389}.Release|Any CPU.ActiveCfg = Release|Any CPU
		{DB8B4082-1CB1-4AF2-8673-94815D3FE389}.Release|Any CPU.Build.0 = Release|Any CPU
		{31DA1916-D2D6-4A28-8CCF-EBEB4DB75773}.Debug|Any CPU.ActiveCfg = Debug|Any CPU
		{31DA1916-D2D6-4A28-8CCF-EBEB4DB75773}.Debug|Any CPU.Build.0 = Debug|Any CPU
		{31DA1916-D2D6-4A28-8CCF-EBEB4DB75773}.Release|Any CPU.ActiveCfg = Release|Any CPU
		{31DA1916-D2D6-4A28-8CCF-EBEB4DB75773}.Release|Any CPU.Build.0 = Release|Any CPU
		{351DD4A3-3C2F-47CB-9603-0656C766AFC5}.Debug|Any CPU.ActiveCfg = Debug|Any CPU
		{351DD4A3-3C2F-47CB-9603-0656C766AFC5}.Debug|Any CPU.Build.0 = Debug|Any CPU
		{351DD4A3-3C2F-47CB-9603-0656C766AFC5}.Release|Any CPU.ActiveCfg = Release|Any CPU
		{351DD4A3-3C2F-47CB-9603-0656C766AFC5}.Release|Any CPU.Build.0 = Release|Any CPU
	EndGlobalSection
	GlobalSection(SolutionProperties) = preSolution
		HideSolutionNode = FALSE
	EndGlobalSection
	GlobalSection(NestedProjects) = preSolution
		{18D405B2-0C66-424D-83B1-794369F20294} = {91F87263-1C4B-49B4-AE35-F1A192E620B1}
		{F1A99F47-7BA3-41BC-AE6A-8C6FE6DF52C9} = {91F87263-1C4B-49B4-AE35-F1A192E620B1}
		{77A1121E-B69D-439E-9E78-516A2C473E8D} = {91F87263-1C4B-49B4-AE35-F1A192E620B1}
		{EB0A9A0F-E12B-475E-B433-A5A3642B66D4} = {B87A59E1-DE6B-421B-97EC-97CF2E9F72D8}
		{AC147F53-6A9B-4F76-9312-5FEAD2D9A6E5} = {9122BA22-A4FE-499A-900F-8F339A31337C}
		{C7158225-0C26-43C8-B9B1-71A01F101C2C} = {B87A59E1-DE6B-421B-97EC-97CF2E9F72D8}
		{DB8B4082-1CB1-4AF2-8673-94815D3FE389} = {9122BA22-A4FE-499A-900F-8F339A31337C}
		{351DD4A3-3C2F-47CB-9603-0656C766AFC5} = {B87A59E1-DE6B-421B-97EC-97CF2E9F72D8}
	EndGlobalSection
	GlobalSection(ExtensibilityGlobals) = postSolution
		SolutionGuid = {3F409186-5D92-42BE-902E-47E4E4C08F3F}
	EndGlobalSection
EndGlobal
